
Microsoft Visual Studio Solution File, Format Version 12.00
# Visual Studio Version 17
VisualStudioVersion = 17.0.31903.59
MinimumVisualStudioVersion = 10.0.40219.1
Project("{FAE04EC0-301F-11D3-BF4B-00C04F79EFBC}") = "Specialist_Lab_1_4_Server", "Specialist_Lab_1_4_Server\Specialist_Lab_1_4_Server.csproj", "{60048D99-6B2D-42F1-81D6-79908D448F4A}"
EndProject
Project("{FAE04EC0-301F-11D3-BF4B-00C04F79EFBC}") = "Specialist_Lab_1_4_Client", "Specialist_Lab_1_4_Client\Specialist_Lab_1_4_Client.csproj", "{35747855-8AB5-4AF2-B964-E7B9506F25B6}"
EndProject
Project("{FAE04EC0-301F-11D3-BF4B-00C04F79EFBC}") = "LabsLib", "LabsLib\LabsLib.csproj", "{1EADF5D7-6617-47A7-AB2E-0682AAF261D8}"
EndProject
Project("{FAE04EC0-301F-11D3-BF4B-00C04F79EFBC}") = "Specialist_Lab_1_1", "Specialist_Lab_1_1\Specialist_Lab_1_1.csproj", "{2C1743C4-9906-414B-BC48-ACB571D772B8}"
EndProject
Project("{FAE04EC0-301F-11D3-BF4B-00C04F79EFBC}") = "Specialist_Lab_1_2", "Specialist_Lab_1_2\Specialist_Lab_1_2.csproj", "{55DC58BC-F643-4F52-894F-113036F39F32}"
EndProject
Project("{FAE04EC0-301F-11D3-BF4B-00C04F79EFBC}") = "Specialist_Lab_1_3", "Specialist_Lab_1_3\Specialist_Lab_1_3.csproj", "{73D5CD37-30EF-419B-8FEA-00ACFF0C544D}"
EndProject
Project("{FAE04EC0-301F-11D3-BF4B-00C04F79EFBC}") = "Specialist_Lab_1_5", "Specialist_Lab_1_5\Specialist_Lab_1_5.csproj", "{1D46A9D2-1521-4DFA-8D3D-37B7A6294315}"
EndProject
Project("{FAE04EC0-301F-11D3-BF4B-00C04F79EFBC}") = "Specialist_Lab_1_6", "Specialist_Lab_1_6\Specialist_Lab_1_6.csproj", "{35494D53-58FD-40EC-8CB1-B4D77633BE03}"
EndProject
Project("{FAE04EC0-301F-11D3-BF4B-00C04F79EFBC}") = "Specialist_Lab_2_1", "Specialist_Lab_2_1\Specialist_Lab_2_1.csproj", "{E517A662-9198-4CC4-943B-E33EC12C4EE9}"
EndProject
Project("{FAE04EC0-301F-11D3-BF4B-00C04F79EFBC}") = "Specialist_Lab_2_2", "Specialist_Lab_2_2\Specialist_Lab_2_2.csproj", "{19C8ED14-44D4-488B-AC25-A7E8F4D427C9}"
EndProject
Project("{FAE04EC0-301F-11D3-BF4B-00C04F79EFBC}") = "Specialist_Lab_3_1_Service", "Specialist_Lab_3_1_Service\Specialist_Lab_3_1_Service.csproj", "{DF8F8B6D-52E9-4C2F-8777-2E148E032636}"
EndProject
Project("{FAE04EC0-301F-11D3-BF4B-00C04F79EFBC}") = "Specialist_Lab_3_1_Client", "Specialist_Lab_3_1_Client\Specialist_Lab_3_1_Client.csproj", "{605B2FCD-5775-4D27-8C05-B459ECDB1F3B}"
EndProject
Project("{FAE04EC0-301F-11D3-BF4B-00C04F79EFBC}") = "Specialist_Lab_3_2_Service", "Specialist_Lab_3_2_Service\Specialist_Lab_3_2_Service.csproj", "{93B1716B-8EAB-4F11-9854-7CB5A49560BC}"
EndProject
Project("{FAE04EC0-301F-11D3-BF4B-00C04F79EFBC}") = "Specialist_Lab_3_2_Client", "Specialist_Lab_3_2_Client\Specialist_Lab_3_2_Client.csproj", "{24E3DF8F-1B38-423F-81C5-47526CA78150}"
EndProject
Project("{2150E333-8FDC-42A3-9474-1A3956D46DE8}") = "Specialist_Lab_4_1_Classlib", "Specialist_Lab_4_1_Classlib", "{A8C0D7BE-1D6E-3AA2-CADF-76D9F6DA8C31}"
EndProject
Project("{FAE04EC0-301F-11D3-BF4B-00C04F79EFBC}") = "Specialist_Lab_4_1_ClassLib", "Specialist_Lab_4_1_Classlib\Specialist_Lab_4_1_ClassLib.csproj", "{BCE75679-DDD4-4E77-941D-CABF6DC173C9}"
EndProject
Project("{FAE04EC0-301F-11D3-BF4B-00C04F79EFBC}") = "Specialist_Lab_4_1_TypeExplorer", "Specialist_Lab_4_1_TypeExplorer\Specialist_Lab_4_1_TypeExplorer.csproj", "{1E08797C-EECB-4BF1-8EF0-75A10CBCDBF2}"
EndProject
Global
	GlobalSection(SolutionConfigurationPlatforms) = preSolution
		Debug|Any CPU = Debug|Any CPU
		Debug|x64 = Debug|x64
		Debug|x86 = Debug|x86
		Release|Any CPU = Release|Any CPU
		Release|x64 = Release|x64
		Release|x86 = Release|x86
	EndGlobalSection
	GlobalSection(ProjectConfigurationPlatforms) = postSolution
		{60048D99-6B2D-42F1-81D6-79908D448F4A}.Debug|Any CPU.ActiveCfg = Debug|Any CPU
		{60048D99-6B2D-42F1-81D6-79908D448F4A}.Debug|Any CPU.Build.0 = Debug|Any CPU
		{60048D99-6B2D-42F1-81D6-79908D448F4A}.Debug|x64.ActiveCfg = Debug|Any CPU
		{60048D99-6B2D-42F1-81D6-79908D448F4A}.Debug|x64.Build.0 = Debug|Any CPU
		{60048D99-6B2D-42F1-81D6-79908D448F4A}.Debug|x86.ActiveCfg = Debug|Any CPU
		{60048D99-6B2D-42F1-81D6-79908D448F4A}.Debug|x86.Build.0 = Debug|Any CPU
		{60048D99-6B2D-42F1-81D6-79908D448F4A}.Release|Any CPU.ActiveCfg = Release|Any CPU
		{60048D99-6B2D-42F1-81D6-79908D448F4A}.Release|Any CPU.Build.0 = Release|Any CPU
		{60048D99-6B2D-42F1-81D6-79908D448F4A}.Release|x64.ActiveCfg = Release|Any CPU
		{60048D99-6B2D-42F1-81D6-79908D448F4A}.Release|x64.Build.0 = Release|Any CPU
		{60048D99-6B2D-42F1-81D6-79908D448F4A}.Release|x86.ActiveCfg = Release|Any CPU
		{60048D99-6B2D-42F1-81D6-79908D448F4A}.Release|x86.Build.0 = Release|Any CPU
		{35747855-8AB5-4AF2-B964-E7B9506F25B6}.Debug|Any CPU.ActiveCfg = Debug|Any CPU
		{35747855-8AB5-4AF2-B964-E7B9506F25B6}.Debug|Any CPU.Build.0 = Debug|Any CPU
		{35747855-8AB5-4AF2-B964-E7B9506F25B6}.Debug|x64.ActiveCfg = Debug|Any CPU
		{35747855-8AB5-4AF2-B964-E7B9506F25B6}.Debug|x64.Build.0 = Debug|Any CPU
		{35747855-8AB5-4AF2-B964-E7B9506F25B6}.Debug|x86.ActiveCfg = Debug|Any CPU
		{35747855-8AB5-4AF2-B964-E7B9506F25B6}.Debug|x86.Build.0 = Debug|Any CPU
		{35747855-8AB5-4AF2-B964-E7B9506F25B6}.Release|Any CPU.ActiveCfg = Release|Any CPU
		{35747855-8AB5-4AF2-B964-E7B9506F25B6}.Release|Any CPU.Build.0 = Release|Any CPU
		{35747855-8AB5-4AF2-B964-E7B9506F25B6}.Release|x64.ActiveCfg = Release|Any CPU
		{35747855-8AB5-4AF2-B964-E7B9506F25B6}.Release|x64.Build.0 = Release|Any CPU
		{35747855-8AB5-4AF2-B964-E7B9506F25B6}.Release|x86.ActiveCfg = Release|Any CPU
		{35747855-8AB5-4AF2-B964-E7B9506F25B6}.Release|x86.Build.0 = Release|Any CPU
		{1EADF5D7-6617-47A7-AB2E-0682AAF261D8}.Debug|Any CPU.ActiveCfg = Debug|Any CPU
		{1EADF5D7-6617-47A7-AB2E-0682AAF261D8}.Debug|Any CPU.Build.0 = Debug|Any CPU
		{1EADF5D7-6617-47A7-AB2E-0682AAF261D8}.Debug|x64.ActiveCfg = Debug|Any CPU
		{1EADF5D7-6617-47A7-AB2E-0682AAF261D8}.Debug|x64.Build.0 = Debug|Any CPU
		{1EADF5D7-6617-47A7-AB2E-0682AAF261D8}.Debug|x86.ActiveCfg = Debug|Any CPU
		{1EADF5D7-6617-47A7-AB2E-0682AAF261D8}.Debug|x86.Build.0 = Debug|Any CPU
		{1EADF5D7-6617-47A7-AB2E-0682AAF261D8}.Release|Any CPU.ActiveCfg = Release|Any CPU
		{1EADF5D7-6617-47A7-AB2E-0682AAF261D8}.Release|Any CPU.Build.0 = Release|Any CPU
		{1EADF5D7-6617-47A7-AB2E-0682AAF261D8}.Release|x64.ActiveCfg = Release|Any CPU
		{1EADF5D7-6617-47A7-AB2E-0682AAF261D8}.Release|x64.Build.0 = Release|Any CPU
		{1EADF5D7-6617-47A7-AB2E-0682AAF261D8}.Release|x86.ActiveCfg = Release|Any CPU
		{1EADF5D7-6617-47A7-AB2E-0682AAF261D8}.Release|x86.Build.0 = Release|Any CPU
		{2C1743C4-9906-414B-BC48-ACB571D772B8}.Debug|Any CPU.ActiveCfg = Debug|Any CPU
		{2C1743C4-9906-414B-BC48-ACB571D772B8}.Debug|Any CPU.Build.0 = Debug|Any CPU
		{2C1743C4-9906-414B-BC48-ACB571D772B8}.Debug|x64.ActiveCfg = Debug|Any CPU
		{2C1743C4-9906-414B-BC48-ACB571D772B8}.Debug|x64.Build.0 = Debug|Any CPU
		{2C1743C4-9906-414B-BC48-ACB571D772B8}.Debug|x86.ActiveCfg = Debug|Any CPU
		{2C1743C4-9906-414B-BC48-ACB571D772B8}.Debug|x86.Build.0 = Debug|Any CPU
		{2C1743C4-9906-414B-BC48-ACB571D772B8}.Release|Any CPU.ActiveCfg = Release|Any CPU
		{2C1743C4-9906-414B-BC48-ACB571D772B8}.Release|Any CPU.Build.0 = Release|Any CPU
		{2C1743C4-9906-414B-BC48-ACB571D772B8}.Release|x64.ActiveCfg = Release|Any CPU
		{2C1743C4-9906-414B-BC48-ACB571D772B8}.Release|x64.Build.0 = Release|Any CPU
		{2C1743C4-9906-414B-BC48-ACB571D772B8}.Release|x86.ActiveCfg = Release|Any CPU
		{2C1743C4-9906-414B-BC48-ACB571D772B8}.Release|x86.Build.0 = Release|Any CPU
		{55DC58BC-F643-4F52-894F-113036F39F32}.Debug|Any CPU.ActiveCfg = Debug|Any CPU
		{55DC58BC-F643-4F52-894F-113036F39F32}.Debug|Any CPU.Build.0 = Debug|Any CPU
		{55DC58BC-F643-4F52-894F-113036F39F32}.Debug|x64.ActiveCfg = Debug|Any CPU
		{55DC58BC-F643-4F52-894F-113036F39F32}.Debug|x64.Build.0 = Debug|Any CPU
		{55DC58BC-F643-4F52-894F-113036F39F32}.Debug|x86.ActiveCfg = Debug|Any CPU
		{55DC58BC-F643-4F52-894F-113036F39F32}.Debug|x86.Build.0 = Debug|Any CPU
		{55DC58BC-F643-4F52-894F-113036F39F32}.Release|Any CPU.ActiveCfg = Release|Any CPU
		{55DC58BC-F643-4F52-894F-113036F39F32}.Release|Any CPU.Build.0 = Release|Any CPU
		{55DC58BC-F643-4F52-894F-113036F39F32}.Release|x64.ActiveCfg = Release|Any CPU
		{55DC58BC-F643-4F52-894F-113036F39F32}.Release|x64.Build.0 = Release|Any CPU
		{55DC58BC-F643-4F52-894F-113036F39F32}.Release|x86.ActiveCfg = Release|Any CPU
		{55DC58BC-F643-4F52-894F-113036F39F32}.Release|x86.Build.0 = Release|Any CPU
		{73D5CD37-30EF-419B-8FEA-00ACFF0C544D}.Debug|Any CPU.ActiveCfg = Debug|Any CPU
		{73D5CD37-30EF-419B-8FEA-00ACFF0C544D}.Debug|Any CPU.Build.0 = Debug|Any CPU
		{73D5CD37-30EF-419B-8FEA-00ACFF0C544D}.Debug|x64.ActiveCfg = Debug|Any CPU
		{73D5CD37-30EF-419B-8FEA-00ACFF0C544D}.Debug|x64.Build.0 = Debug|Any CPU
		{73D5CD37-30EF-419B-8FEA-00ACFF0C544D}.Debug|x86.ActiveCfg = Debug|Any CPU
		{73D5CD37-30EF-419B-8FEA-00ACFF0C544D}.Debug|x86.Build.0 = Debug|Any CPU
		{73D5CD37-30EF-419B-8FEA-00ACFF0C544D}.Release|Any CPU.ActiveCfg = Release|Any CPU
		{73D5CD37-30EF-419B-8FEA-00ACFF0C544D}.Release|Any CPU.Build.0 = Release|Any CPU
		{73D5CD37-30EF-419B-8FEA-00ACFF0C544D}.Release|x64.ActiveCfg = Release|Any CPU
		{73D5CD37-30EF-419B-8FEA-00ACFF0C544D}.Release|x64.Build.0 = Release|Any CPU
		{73D5CD37-30EF-419B-8FEA-00ACFF0C544D}.Release|x86.ActiveCfg = Release|Any CPU
		{73D5CD37-30EF-419B-8FEA-00ACFF0C544D}.Release|x86.Build.0 = Release|Any CPU
		{1D46A9D2-1521-4DFA-8D3D-37B7A6294315}.Debug|Any CPU.ActiveCfg = Debug|Any CPU
		{1D46A9D2-1521-4DFA-8D3D-37B7A6294315}.Debug|Any CPU.Build.0 = Debug|Any CPU
		{1D46A9D2-1521-4DFA-8D3D-37B7A6294315}.Debug|x64.ActiveCfg = Debug|Any CPU
		{1D46A9D2-1521-4DFA-8D3D-37B7A6294315}.Debug|x64.Build.0 = Debug|Any CPU
		{1D46A9D2-1521-4DFA-8D3D-37B7A6294315}.Debug|x86.ActiveCfg = Debug|Any CPU
		{1D46A9D2-1521-4DFA-8D3D-37B7A6294315}.Debug|x86.Build.0 = Debug|Any CPU
		{1D46A9D2-1521-4DFA-8D3D-37B7A6294315}.Release|Any CPU.ActiveCfg = Release|Any CPU
		{1D46A9D2-1521-4DFA-8D3D-37B7A6294315}.Release|Any CPU.Build.0 = Release|Any CPU
		{1D46A9D2-1521-4DFA-8D3D-37B7A6294315}.Release|x64.ActiveCfg = Release|Any CPU
		{1D46A9D2-1521-4DFA-8D3D-37B7A6294315}.Release|x64.Build.0 = Release|Any CPU
		{1D46A9D2-1521-4DFA-8D3D-37B7A6294315}.Release|x86.ActiveCfg = Release|Any CPU
		{1D46A9D2-1521-4DFA-8D3D-37B7A6294315}.Release|x86.Build.0 = Release|Any CPU
		{35494D53-58FD-40EC-8CB1-B4D77633BE03}.Debug|Any CPU.ActiveCfg = Debug|Any CPU
		{35494D53-58FD-40EC-8CB1-B4D77633BE03}.Debug|Any CPU.Build.0 = Debug|Any CPU
		{35494D53-58FD-40EC-8CB1-B4D77633BE03}.Debug|x64.ActiveCfg = Debug|Any CPU
		{35494D53-58FD-40EC-8CB1-B4D77633BE03}.Debug|x64.Build.0 = Debug|Any CPU
		{35494D53-58FD-40EC-8CB1-B4D77633BE03}.Debug|x86.ActiveCfg = Debug|Any CPU
		{35494D53-58FD-40EC-8CB1-B4D77633BE03}.Debug|x86.Build.0 = Debug|Any CPU
		{35494D53-58FD-40EC-8CB1-B4D77633BE03}.Release|Any CPU.ActiveCfg = Release|Any CPU
		{35494D53-58FD-40EC-8CB1-B4D77633BE03}.Release|Any CPU.Build.0 = Release|Any CPU
		{35494D53-58FD-40EC-8CB1-B4D77633BE03}.Release|x64.ActiveCfg = Release|Any CPU
		{35494D53-58FD-40EC-8CB1-B4D77633BE03}.Release|x64.Build.0 = Release|Any CPU
		{35494D53-58FD-40EC-8CB1-B4D77633BE03}.Release|x86.ActiveCfg = Release|Any CPU
		{35494D53-58FD-40EC-8CB1-B4D77633BE03}.Release|x86.Build.0 = Release|Any CPU
		{E517A662-9198-4CC4-943B-E33EC12C4EE9}.Debug|Any CPU.ActiveCfg = Debug|Any CPU
		{E517A662-9198-4CC4-943B-E33EC12C4EE9}.Debug|Any CPU.Build.0 = Debug|Any CPU
		{E517A662-9198-4CC4-943B-E33EC12C4EE9}.Debug|x64.ActiveCfg = Debug|Any CPU
		{E517A662-9198-4CC4-943B-E33EC12C4EE9}.Debug|x64.Build.0 = Debug|Any CPU
		{E517A662-9198-4CC4-943B-E33EC12C4EE9}.Debug|x86.ActiveCfg = Debug|Any CPU
		{E517A662-9198-4CC4-943B-E33EC12C4EE9}.Debug|x86.Build.0 = Debug|Any CPU
		{E517A662-9198-4CC4-943B-E33EC12C4EE9}.Release|Any CPU.ActiveCfg = Release|Any CPU
		{E517A662-9198-4CC4-943B-E33EC12C4EE9}.Release|Any CPU.Build.0 = Release|Any CPU
		{E517A662-9198-4CC4-943B-E33EC12C4EE9}.Release|x64.ActiveCfg = Release|Any CPU
		{E517A662-9198-4CC4-943B-E33EC12C4EE9}.Release|x64.Build.0 = Release|Any CPU
		{E517A662-9198-4CC4-943B-E33EC12C4EE9}.Release|x86.ActiveCfg = Release|Any CPU
		{E517A662-9198-4CC4-943B-E33EC12C4EE9}.Release|x86.Build.0 = Release|Any CPU
		{19C8ED14-44D4-488B-AC25-A7E8F4D427C9}.Debug|Any CPU.ActiveCfg = Debug|Any CPU
		{19C8ED14-44D4-488B-AC25-A7E8F4D427C9}.Debug|Any CPU.Build.0 = Debug|Any CPU
		{19C8ED14-44D4-488B-AC25-A7E8F4D427C9}.Debug|x64.ActiveCfg = Debug|Any CPU
		{19C8ED14-44D4-488B-AC25-A7E8F4D427C9}.Debug|x64.Build.0 = Debug|Any CPU
		{19C8ED14-44D4-488B-AC25-A7E8F4D427C9}.Debug|x86.ActiveCfg = Debug|Any CPU
		{19C8ED14-44D4-488B-AC25-A7E8F4D427C9}.Debug|x86.Build.0 = Debug|Any CPU
		{19C8ED14-44D4-488B-AC25-A7E8F4D427C9}.Release|Any CPU.ActiveCfg = Release|Any CPU
		{19C8ED14-44D4-488B-AC25-A7E8F4D427C9}.Release|Any CPU.Build.0 = Release|Any CPU
		{19C8ED14-44D4-488B-AC25-A7E8F4D427C9}.Release|x64.ActiveCfg = Release|Any CPU
		{19C8ED14-44D4-488B-AC25-A7E8F4D427C9}.Release|x64.Build.0 = Release|Any CPU
		{19C8ED14-44D4-488B-AC25-A7E8F4D427C9}.Release|x86.ActiveCfg = Release|Any CPU
		{19C8ED14-44D4-488B-AC25-A7E8F4D427C9}.Release|x86.Build.0 = Release|Any CPU
		{DF8F8B6D-52E9-4C2F-8777-2E148E032636}.Debug|Any CPU.ActiveCfg = Debug|Any CPU
		{DF8F8B6D-52E9-4C2F-8777-2E148E032636}.Debug|Any CPU.Build.0 = Debug|Any CPU
		{DF8F8B6D-52E9-4C2F-8777-2E148E032636}.Debug|x64.ActiveCfg = Debug|Any CPU
		{DF8F8B6D-52E9-4C2F-8777-2E148E032636}.Debug|x64.Build.0 = Debug|Any CPU
		{DF8F8B6D-52E9-4C2F-8777-2E148E032636}.Debug|x86.ActiveCfg = Debug|Any CPU
		{DF8F8B6D-52E9-4C2F-8777-2E148E032636}.Debug|x86.Build.0 = Debug|Any CPU
		{DF8F8B6D-52E9-4C2F-8777-2E148E032636}.Release|Any CPU.ActiveCfg = Release|Any CPU
		{DF8F8B6D-52E9-4C2F-8777-2E148E032636}.Release|Any CPU.Build.0 = Release|Any CPU
		{DF8F8B6D-52E9-4C2F-8777-2E148E032636}.Release|x64.ActiveCfg = Release|Any CPU
		{DF8F8B6D-52E9-4C2F-8777-2E148E032636}.Release|x64.Build.0 = Release|Any CPU
		{DF8F8B6D-52E9-4C2F-8777-2E148E032636}.Release|x86.ActiveCfg = Release|Any CPU
		{DF8F8B6D-52E9-4C2F-8777-2E148E032636}.Release|x86.Build.0 = Release|Any CPU
		{605B2FCD-5775-4D27-8C05-B459ECDB1F3B}.Debug|Any CPU.ActiveCfg = Debug|Any CPU
		{605B2FCD-5775-4D27-8C05-B459ECDB1F3B}.Debug|Any CPU.Build.0 = Debug|Any CPU
		{605B2FCD-5775-4D27-8C05-B459ECDB1F3B}.Debug|x64.ActiveCfg = Debug|Any CPU
		{605B2FCD-5775-4D27-8C05-B459ECDB1F3B}.Debug|x64.Build.0 = Debug|Any CPU
		{605B2FCD-5775-4D27-8C05-B459ECDB1F3B}.Debug|x86.ActiveCfg = Debug|Any CPU
		{605B2FCD-5775-4D27-8C05-B459ECDB1F3B}.Debug|x86.Build.0 = Debug|Any CPU
		{605B2FCD-5775-4D27-8C05-B459ECDB1F3B}.Release|Any CPU.ActiveCfg = Release|Any CPU
		{605B2FCD-5775-4D27-8C05-B459ECDB1F3B}.Release|Any CPU.Build.0 = Release|Any CPU
		{605B2FCD-5775-4D27-8C05-B459ECDB1F3B}.Release|x64.ActiveCfg = Release|Any CPU
		{605B2FCD-5775-4D27-8C05-B459ECDB1F3B}.Release|x64.Build.0 = Release|Any CPU
		{605B2FCD-5775-4D27-8C05-B459ECDB1F3B}.Release|x86.ActiveCfg = Release|Any CPU
		{605B2FCD-5775-4D27-8C05-B459ECDB1F3B}.Release|x86.Build.0 = Release|Any CPU
		{93B1716B-8EAB-4F11-9854-7CB5A49560BC}.Debug|Any CPU.ActiveCfg = Debug|Any CPU
		{93B1716B-8EAB-4F11-9854-7CB5A49560BC}.Debug|Any CPU.Build.0 = Debug|Any CPU
		{93B1716B-8EAB-4F11-9854-7CB5A49560BC}.Debug|x64.ActiveCfg = Debug|Any CPU
		{93B1716B-8EAB-4F11-9854-7CB5A49560BC}.Debug|x64.Build.0 = Debug|Any CPU
		{93B1716B-8EAB-4F11-9854-7CB5A49560BC}.Debug|x86.ActiveCfg = Debug|Any CPU
		{93B1716B-8EAB-4F11-9854-7CB5A49560BC}.Debug|x86.Build.0 = Debug|Any CPU
		{93B1716B-8EAB-4F11-9854-7CB5A49560BC}.Release|Any CPU.ActiveCfg = Release|Any CPU
		{93B1716B-8EAB-4F11-9854-7CB5A49560BC}.Release|Any CPU.Build.0 = Release|Any CPU
		{93B1716B-8EAB-4F11-9854-7CB5A49560BC}.Release|x64.ActiveCfg = Release|Any CPU
		{93B1716B-8EAB-4F11-9854-7CB5A49560BC}.Release|x64.Build.0 = Release|Any CPU
		{93B1716B-8EAB-4F11-9854-7CB5A49560BC}.Release|x86.ActiveCfg = Release|Any CPU
		{93B1716B-8EAB-4F11-9854-7CB5A49560BC}.Release|x86.Build.0 = Release|Any CPU
		{24E3DF8F-1B38-423F-81C5-47526CA78150}.Debug|Any CPU.ActiveCfg = Debug|Any CPU
		{24E3DF8F-1B38-423F-81C5-47526CA78150}.Debug|Any CPU.Build.0 = Debug|Any CPU
		{24E3DF8F-1B38-423F-81C5-47526CA78150}.Debug|x64.ActiveCfg = Debug|Any CPU
		{24E3DF8F-1B38-423F-81C5-47526CA78150}.Debug|x64.Build.0 = Debug|Any CPU
		{24E3DF8F-1B38-423F-81C5-47526CA78150}.Debug|x86.ActiveCfg = Debug|Any CPU
		{24E3DF8F-1B38-423F-81C5-47526CA78150}.Debug|x86.Build.0 = Debug|Any CPU
		{24E3DF8F-1B38-423F-81C5-47526CA78150}.Release|Any CPU.ActiveCfg = Release|Any CPU
		{24E3DF8F-1B38-423F-81C5-47526CA78150}.Release|Any CPU.Build.0 = Release|Any CPU
		{24E3DF8F-1B38-423F-81C5-47526CA78150}.Release|x64.ActiveCfg = Release|Any CPU
		{24E3DF8F-1B38-423F-81C5-47526CA78150}.Release|x64.Build.0 = Release|Any CPU
		{24E3DF8F-1B38-423F-81C5-47526CA78150}.Release|x86.ActiveCfg = Release|Any CPU
		{24E3DF8F-1B38-423F-81C5-47526CA78150}.Release|x86.Build.0 = Release|Any CPU
		{BCE75679-DDD4-4E77-941D-CABF6DC173C9}.Debug|Any CPU.ActiveCfg = Debug|Any CPU
		{BCE75679-DDD4-4E77-941D-CABF6DC173C9}.Debug|Any CPU.Build.0 = Debug|Any CPU
		{BCE75679-DDD4-4E77-941D-CABF6DC173C9}.Debug|x64.ActiveCfg = Debug|Any CPU
		{BCE75679-DDD4-4E77-941D-CABF6DC173C9}.Debug|x64.Build.0 = Debug|Any CPU
		{BCE75679-DDD4-4E77-941D-CABF6DC173C9}.Debug|x86.ActiveCfg = Debug|Any CPU
		{BCE75679-DDD4-4E77-941D-CABF6DC173C9}.Debug|x86.Build.0 = Debug|Any CPU
		{BCE75679-DDD4-4E77-941D-CABF6DC173C9}.Release|Any CPU.ActiveCfg = Release|Any CPU
		{BCE75679-DDD4-4E77-941D-CABF6DC173C9}.Release|Any CPU.Build.0 = Release|Any CPU
		{BCE75679-DDD4-4E77-941D-CABF6DC173C9}.Release|x64.ActiveCfg = Release|Any CPU
		{BCE75679-DDD4-4E77-941D-CABF6DC173C9}.Release|x64.Build.0 = Release|Any CPU
		{BCE75679-DDD4-4E77-941D-CABF6DC173C9}.Release|x86.ActiveCfg = Release|Any CPU
		{BCE75679-DDD4-4E77-941D-CABF6DC173C9}.Release|x86.Build.0 = Release|Any CPU
		{1E08797C-EECB-4BF1-8EF0-75A10CBCDBF2}.Debug|Any CPU.ActiveCfg = Debug|Any CPU
		{1E08797C-EECB-4BF1-8EF0-75A10CBCDBF2}.Debug|Any CPU.Build.0 = Debug|Any CPU
		{1E08797C-EECB-4BF1-8EF0-75A10CBCDBF2}.Debug|x64.ActiveCfg = Debug|Any CPU
		{1E08797C-EECB-4BF1-8EF0-75A10CBCDBF2}.Debug|x64.Build.0 = Debug|Any CPU
		{1E08797C-EECB-4BF1-8EF0-75A10CBCDBF2}.Debug|x86.ActiveCfg = Debug|Any CPU
		{1E08797C-EECB-4BF1-8EF0-75A10CBCDBF2}.Debug|x86.Build.0 = Debug|Any CPU
		{1E08797C-EECB-4BF1-8EF0-75A10CBCDBF2}.Release|Any CPU.ActiveCfg = Release|Any CPU
		{1E08797C-EECB-4BF1-8EF0-75A10CBCDBF2}.Release|Any CPU.Build.0 = Release|Any CPU
		{1E08797C-EECB-4BF1-8EF0-75A10CBCDBF2}.Release|x64.ActiveCfg = Release|Any CPU
		{1E08797C-EECB-4BF1-8EF0-75A10CBCDBF2}.Release|x64.Build.0 = Release|Any CPU
		{1E08797C-EECB-4BF1-8EF0-75A10CBCDBF2}.Release|x86.ActiveCfg = Release|Any CPU
		{1E08797C-EECB-4BF1-8EF0-75A10CBCDBF2}.Release|x86.Build.0 = Release|Any CPU
	EndGlobalSection
	GlobalSection(SolutionProperties) = preSolution
		HideSolutionNode = FALSE
	EndGlobalSection
	GlobalSection(NestedProjects) = preSolution
		{BCE75679-DDD4-4E77-941D-CABF6DC173C9} = {A8C0D7BE-1D6E-3AA2-CADF-76D9F6DA8C31}
	EndGlobalSection
EndGlobal
